
Microsoft Visual Studio Solution File, Format Version 12.00
# Visual Studio Version 16
VisualStudioVersion = 16.0.31624.102
MinimumVisualStudioVersion = 10.0.40219.1
Project("{FAE04EC0-301F-11D3-BF4B-00C04F79EFBC}") = "prueba2", "prueba2\prueba2.csproj", "{1F764720-BFB2-4698-BEBA-7D89F7B9630D}"
EndProject
Global
	GlobalSection(SolutionConfigurationPlatforms) = preSolution
		Debug|Any CPU = Debug|Any CPU
		Release|Any CPU = Release|Any CPU
	EndGlobalSection
	GlobalSection(ProjectConfigurationPlatforms) = postSolution
		{1F764720-BFB2-4698-BEBA-7D89F7B9630D}.Debug|Any CPU.ActiveCfg = Debug|Any CPU
		{1F764720-BFB2-4698-BEBA-7D89F7B9630D}.Debug|Any CPU.Build.0 = Debug|Any CPU
		{1F764720-BFB2-4698-BEBA-7D89F7B9630D}.Release|Any CPU.ActiveCfg = Release|Any CPU
		{1F764720-BFB2-4698-BEBA-7D89F7B9630D}.Release|Any CPU.Build.0 = Release|Any CPU
	EndGlobalSection
	GlobalSection(SolutionProperties) = preSolution
		HideSolutionNode = FALSE
	EndGlobalSection
	GlobalSection(ExtensibilityGlobals) = postSolution
		SolutionGuid = {2B69B11A-7689-4E33-B849-20C72DEAD43A}
	EndGlobalSection
EndGlobal
