
Microsoft Visual Studio Solution File, Format Version 12.00
# Visual Studio Version 16
VisualStudioVersion = 16.0.31624.102
MinimumVisualStudioVersion = 10.0.40219.1
Project("{FAE04EC0-301F-11D3-BF4B-00C04F79EFBC}") = "Prueba4", "Prueba4\Prueba4.csproj", "{DA76EFB5-4F76-4BA2-B2C7-B6DFDE457820}"
EndProject
Global
	GlobalSection(SolutionConfigurationPlatforms) = preSolution
		Debug|Any CPU = Debug|Any CPU
		Release|Any CPU = Release|Any CPU
	EndGlobalSection
	GlobalSection(ProjectConfigurationPlatforms) = postSolution
		{DA76EFB5-4F76-4BA2-B2C7-B6DFDE457820}.Debug|Any CPU.ActiveCfg = Debug|Any CPU
		{DA76EFB5-4F76-4BA2-B2C7-B6DFDE457820}.Debug|Any CPU.Build.0 = Debug|Any CPU
		{DA76EFB5-4F76-4BA2-B2C7-B6DFDE457820}.Release|Any CPU.ActiveCfg = Release|Any CPU
		{DA76EFB5-4F76-4BA2-B2C7-B6DFDE457820}.Release|Any CPU.Build.0 = Release|Any CPU
	EndGlobalSection
	GlobalSection(SolutionProperties) = preSolution
		HideSolutionNode = FALSE
	EndGlobalSection
	GlobalSection(ExtensibilityGlobals) = postSolution
		SolutionGuid = {92F775EF-08DD-43ED-B68E-2CCACCB01C0B}
	EndGlobalSection
EndGlobal
