
Microsoft Visual Studio Solution File, Format Version 12.00
# Visual Studio Version 16
VisualStudioVersion = 16.0.31605.320
MinimumVisualStudioVersion = 10.0.40219.1
Project("{FAE04EC0-301F-11D3-BF4B-00C04F79EFBC}") = "CRUD_C_SHARP", "CRUD_C_SHARP\CRUD_C_SHARP.csproj", "{96BCCAC8-8D1A-4FB5-BFE8-7984CC569EE2}"
EndProject
Global
	GlobalSection(SolutionConfigurationPlatforms) = preSolution
		Debug|Any CPU = Debug|Any CPU
		Release|Any CPU = Release|Any CPU
	EndGlobalSection
	GlobalSection(ProjectConfigurationPlatforms) = postSolution
		{96BCCAC8-8D1A-4FB5-BFE8-7984CC569EE2}.Debug|Any CPU.ActiveCfg = Debug|Any CPU
		{96BCCAC8-8D1A-4FB5-BFE8-7984CC569EE2}.Debug|Any CPU.Build.0 = Debug|Any CPU
		{96BCCAC8-8D1A-4FB5-BFE8-7984CC569EE2}.Release|Any CPU.ActiveCfg = Release|Any CPU
		{96BCCAC8-8D1A-4FB5-BFE8-7984CC569EE2}.Release|Any CPU.Build.0 = Release|Any CPU
	EndGlobalSection
	GlobalSection(SolutionProperties) = preSolution
		HideSolutionNode = FALSE
	EndGlobalSection
	GlobalSection(ExtensibilityGlobals) = postSolution
		SolutionGuid = {0E10FBFD-C447-433E-AB97-96D6A4339ED1}
	EndGlobalSection
EndGlobal
